
Microsoft Visual Studio Solution File, Format Version 12.00
# Visual Studio Version 17
VisualStudioVersion = 17.9.34728.123
MinimumVisualStudioVersion = 10.0.40219.1
Project("{FAE04EC0-301F-11D3-BF4B-00C04F79EFBC}") = "Demo_ASP.NET", "Demo_ASP.NET\Demo_ASP.NET.csproj", "{D823D2D4-1D23-4BEF-9FB1-679932BF063B}"
EndProject
Global
	GlobalSection(SolutionConfigurationPlatforms) = preSolution
		Debug|Any CPU = Debug|Any CPU
		Release|Any CPU = Release|Any CPU
	EndGlobalSection
	GlobalSection(ProjectConfigurationPlatforms) = postSolution
		{D823D2D4-1D23-4BEF-9FB1-679932BF063B}.Debug|Any CPU.ActiveCfg = Debug|Any CPU
		{D823D2D4-1D23-4BEF-9FB1-679932BF063B}.Debug|Any CPU.Build.0 = Debug|Any CPU
		{D823D2D4-1D23-4BEF-9FB1-679932BF063B}.Release|Any CPU.ActiveCfg = Release|Any CPU
		{D823D2D4-1D23-4BEF-9FB1-679932BF063B}.Release|Any CPU.Build.0 = Release|Any CPU
	EndGlobalSection
	GlobalSection(SolutionProperties) = preSolution
		HideSolutionNode = FALSE
	EndGlobalSection
	GlobalSection(ExtensibilityGlobals) = postSolution
		SolutionGuid = {619D3390-85FE-4E1A-A4A8-15748B184AAC}
	EndGlobalSection
EndGlobal
